
Microsoft Visual Studio Solution File, Format Version 12.00
# Visual Studio Version 17
VisualStudioVersion = 17.8.34511.84
MinimumVisualStudioVersion = 10.0.40219.1
Project("{9A19103F-16F7-4668-BE54-9A1E7A4F7556}") = "Labirint.Web", "Labirint.Web\Labirint.Web.csproj", "{FBE157A8-AE63-461E-8EC4-0A9A7D907FB7}"
EndProject
Project("{FAE04EC0-301F-11D3-BF4B-00C04F79EFBC}") = "Labirint.Core", "Labirint.Core\Labirint.Core.csproj", "{A2C9B113-C9D1-40D3-B232-46EC2AF87C4F}"
EndProject
Project("{FAE04EC0-301F-11D3-BF4B-00C04F79EFBC}") = "Labirint.Core.Tests", "Labirint.Core.Tests\Labirint.Core.Tests.csproj", "{D4490E0E-A566-4B2F-B9FF-4AF789649277}"
EndProject
Global
	GlobalSection(SolutionConfigurationPlatforms) = preSolution
		Debug|Any CPU = Debug|Any CPU
		Release|Any CPU = Release|Any CPU
	EndGlobalSection
	GlobalSection(ProjectConfigurationPlatforms) = postSolution
		{FBE157A8-AE63-461E-8EC4-0A9A7D907FB7}.Debug|Any CPU.ActiveCfg = Debug|Any CPU
		{FBE157A8-AE63-461E-8EC4-0A9A7D907FB7}.Debug|Any CPU.Build.0 = Debug|Any CPU
		{FBE157A8-AE63-461E-8EC4-0A9A7D907FB7}.Release|Any CPU.ActiveCfg = Release|Any CPU
		{FBE157A8-AE63-461E-8EC4-0A9A7D907FB7}.Release|Any CPU.Build.0 = Release|Any CPU
		{A2C9B113-C9D1-40D3-B232-46EC2AF87C4F}.Debug|Any CPU.ActiveCfg = Debug|Any CPU
		{A2C9B113-C9D1-40D3-B232-46EC2AF87C4F}.Debug|Any CPU.Build.0 = Debug|Any CPU
		{A2C9B113-C9D1-40D3-B232-46EC2AF87C4F}.Release|Any CPU.ActiveCfg = Release|Any CPU
		{A2C9B113-C9D1-40D3-B232-46EC2AF87C4F}.Release|Any CPU.Build.0 = Release|Any CPU
		{D4490E0E-A566-4B2F-B9FF-4AF789649277}.Debug|Any CPU.ActiveCfg = Debug|Any CPU
		{D4490E0E-A566-4B2F-B9FF-4AF789649277}.Debug|Any CPU.Build.0 = Debug|Any CPU
		{D4490E0E-A566-4B2F-B9FF-4AF789649277}.Release|Any CPU.ActiveCfg = Release|Any CPU
		{D4490E0E-A566-4B2F-B9FF-4AF789649277}.Release|Any CPU.Build.0 = Release|Any CPU
	EndGlobalSection
	GlobalSection(SolutionProperties) = preSolution
		HideSolutionNode = FALSE
	EndGlobalSection
	GlobalSection(ExtensibilityGlobals) = postSolution
		SolutionGuid = {8D07576B-2BE6-4495-BFA2-832E5690205D}
	EndGlobalSection
EndGlobal
